
Microsoft Visual Studio Solution File, Format Version 12.00
# Visual Studio Version 17
VisualStudioVersion = 17.0.31903.59
MinimumVisualStudioVersion = 10.0.40219.1
Project("{2150E333-8FDC-42A3-9474-1A3956D46DE8}") = "src", "src", "{827E0CD3-B72D-47B6-A68D-7590B98EB39B}"
EndProject
Project("{FAE04EC0-301F-11D3-BF4B-00C04F79EFBC}") = "api", "src\api\api.csproj", "{F1C9FE90-3F2D-449A-9DEF-0D3CB30095E7}"
EndProject
Project("{FAE04EC0-301F-11D3-BF4B-00C04F79EFBC}") = "application", "src\application\application.csproj", "{C338CADF-814F-47EC-9B19-21CCCEF2DFF1}"
EndProject
Project("{FAE04EC0-301F-11D3-BF4B-00C04F79EFBC}") = "communication", "src\communication\communication.csproj", "{F9707DEE-3BF4-409C-AE0D-093DB94D3CD0}"
EndProject
Project("{FAE04EC0-301F-11D3-BF4B-00C04F79EFBC}") = "domain", "src\domain\domain.csproj", "{514AF2E4-E830-413A-92C3-16553E6F8599}"
EndProject
Project("{FAE04EC0-301F-11D3-BF4B-00C04F79EFBC}") = "exception", "src\exception\exception.csproj", "{E5A58B9E-6328-4330-BD71-2D9E110DD3EE}"
EndProject
Project("{FAE04EC0-301F-11D3-BF4B-00C04F79EFBC}") = "infra", "src\infra\infra.csproj", "{F499BF80-9E81-42F0-96E2-AADF0B097A57}"
EndProject
Global
	GlobalSection(SolutionConfigurationPlatforms) = preSolution
		Debug|Any CPU = Debug|Any CPU
		Debug|x64 = Debug|x64
		Debug|x86 = Debug|x86
		Release|Any CPU = Release|Any CPU
		Release|x64 = Release|x64
		Release|x86 = Release|x86
	EndGlobalSection
	GlobalSection(ProjectConfigurationPlatforms) = postSolution
		{F1C9FE90-3F2D-449A-9DEF-0D3CB30095E7}.Debug|Any CPU.ActiveCfg = Debug|Any CPU
		{F1C9FE90-3F2D-449A-9DEF-0D3CB30095E7}.Debug|Any CPU.Build.0 = Debug|Any CPU
		{F1C9FE90-3F2D-449A-9DEF-0D3CB30095E7}.Debug|x64.ActiveCfg = Debug|Any CPU
		{F1C9FE90-3F2D-449A-9DEF-0D3CB30095E7}.Debug|x64.Build.0 = Debug|Any CPU
		{F1C9FE90-3F2D-449A-9DEF-0D3CB30095E7}.Debug|x86.ActiveCfg = Debug|Any CPU
		{F1C9FE90-3F2D-449A-9DEF-0D3CB30095E7}.Debug|x86.Build.0 = Debug|Any CPU
		{F1C9FE90-3F2D-449A-9DEF-0D3CB30095E7}.Release|Any CPU.ActiveCfg = Release|Any CPU
		{F1C9FE90-3F2D-449A-9DEF-0D3CB30095E7}.Release|Any CPU.Build.0 = Release|Any CPU
		{F1C9FE90-3F2D-449A-9DEF-0D3CB30095E7}.Release|x64.ActiveCfg = Release|Any CPU
		{F1C9FE90-3F2D-449A-9DEF-0D3CB30095E7}.Release|x64.Build.0 = Release|Any CPU
		{F1C9FE90-3F2D-449A-9DEF-0D3CB30095E7}.Release|x86.ActiveCfg = Release|Any CPU
		{F1C9FE90-3F2D-449A-9DEF-0D3CB30095E7}.Release|x86.Build.0 = Release|Any CPU
		{C338CADF-814F-47EC-9B19-21CCCEF2DFF1}.Debug|Any CPU.ActiveCfg = Debug|Any CPU
		{C338CADF-814F-47EC-9B19-21CCCEF2DFF1}.Debug|Any CPU.Build.0 = Debug|Any CPU
		{C338CADF-814F-47EC-9B19-21CCCEF2DFF1}.Debug|x64.ActiveCfg = Debug|Any CPU
		{C338CADF-814F-47EC-9B19-21CCCEF2DFF1}.Debug|x64.Build.0 = Debug|Any CPU
		{C338CADF-814F-47EC-9B19-21CCCEF2DFF1}.Debug|x86.ActiveCfg = Debug|Any CPU
		{C338CADF-814F-47EC-9B19-21CCCEF2DFF1}.Debug|x86.Build.0 = Debug|Any CPU
		{C338CADF-814F-47EC-9B19-21CCCEF2DFF1}.Release|Any CPU.ActiveCfg = Release|Any CPU
		{C338CADF-814F-47EC-9B19-21CCCEF2DFF1}.Release|Any CPU.Build.0 = Release|Any CPU
		{C338CADF-814F-47EC-9B19-21CCCEF2DFF1}.Release|x64.ActiveCfg = Release|Any CPU
		{C338CADF-814F-47EC-9B19-21CCCEF2DFF1}.Release|x64.Build.0 = Release|Any CPU
		{C338CADF-814F-47EC-9B19-21CCCEF2DFF1}.Release|x86.ActiveCfg = Release|Any CPU
		{C338CADF-814F-47EC-9B19-21CCCEF2DFF1}.Release|x86.Build.0 = Release|Any CPU
		{F9707DEE-3BF4-409C-AE0D-093DB94D3CD0}.Debug|Any CPU.ActiveCfg = Debug|Any CPU
		{F9707DEE-3BF4-409C-AE0D-093DB94D3CD0}.Debug|Any CPU.Build.0 = Debug|Any CPU
		{F9707DEE-3BF4-409C-AE0D-093DB94D3CD0}.Debug|x64.ActiveCfg = Debug|Any CPU
		{F9707DEE-3BF4-409C-AE0D-093DB94D3CD0}.Debug|x64.Build.0 = Debug|Any CPU
		{F9707DEE-3BF4-409C-AE0D-093DB94D3CD0}.Debug|x86.ActiveCfg = Debug|Any CPU
		{F9707DEE-3BF4-409C-AE0D-093DB94D3CD0}.Debug|x86.Build.0 = Debug|Any CPU
		{F9707DEE-3BF4-409C-AE0D-093DB94D3CD0}.Release|Any CPU.ActiveCfg = Release|Any CPU
		{F9707DEE-3BF4-409C-AE0D-093DB94D3CD0}.Release|Any CPU.Build.0 = Release|Any CPU
		{F9707DEE-3BF4-409C-AE0D-093DB94D3CD0}.Release|x64.ActiveCfg = Release|Any CPU
		{F9707DEE-3BF4-409C-AE0D-093DB94D3CD0}.Release|x64.Build.0 = Release|Any CPU
		{F9707DEE-3BF4-409C-AE0D-093DB94D3CD0}.Release|x86.ActiveCfg = Release|Any CPU
		{F9707DEE-3BF4-409C-AE0D-093DB94D3CD0}.Release|x86.Build.0 = Release|Any CPU
		{514AF2E4-E830-413A-92C3-16553E6F8599}.Debug|Any CPU.ActiveCfg = Debug|Any CPU
		{514AF2E4-E830-413A-92C3-16553E6F8599}.Debug|Any CPU.Build.0 = Debug|Any CPU
		{514AF2E4-E830-413A-92C3-16553E6F8599}.Debug|x64.ActiveCfg = Debug|Any CPU
		{514AF2E4-E830-413A-92C3-16553E6F8599}.Debug|x64.Build.0 = Debug|Any CPU
		{514AF2E4-E830-413A-92C3-16553E6F8599}.Debug|x86.ActiveCfg = Debug|Any CPU
		{514AF2E4-E830-413A-92C3-16553E6F8599}.Debug|x86.Build.0 = Debug|Any CPU
		{514AF2E4-E830-413A-92C3-16553E6F8599}.Release|Any CPU.ActiveCfg = Release|Any CPU
		{514AF2E4-E830-413A-92C3-16553E6F8599}.Release|Any CPU.Build.0 = Release|Any CPU
		{514AF2E4-E830-413A-92C3-16553E6F8599}.Release|x64.ActiveCfg = Release|Any CPU
		{514AF2E4-E830-413A-92C3-16553E6F8599}.Release|x64.Build.0 = Release|Any CPU
		{514AF2E4-E830-413A-92C3-16553E6F8599}.Release|x86.ActiveCfg = Release|Any CPU
		{514AF2E4-E830-413A-92C3-16553E6F8599}.Release|x86.Build.0 = Release|Any CPU
		{E5A58B9E-6328-4330-BD71-2D9E110DD3EE}.Debug|Any CPU.ActiveCfg = Debug|Any CPU
		{E5A58B9E-6328-4330-BD71-2D9E110DD3EE}.Debug|Any CPU.Build.0 = Debug|Any CPU
		{E5A58B9E-6328-4330-BD71-2D9E110DD3EE}.Debug|x64.ActiveCfg = Debug|Any CPU
		{E5A58B9E-6328-4330-BD71-2D9E110DD3EE}.Debug|x64.Build.0 = Debug|Any CPU
		{E5A58B9E-6328-4330-BD71-2D9E110DD3EE}.Debug|x86.ActiveCfg = Debug|Any CPU
		{E5A58B9E-6328-4330-BD71-2D9E110DD3EE}.Debug|x86.Build.0 = Debug|Any CPU
		{E5A58B9E-6328-4330-BD71-2D9E110DD3EE}.Release|Any CPU.ActiveCfg = Release|Any CPU
		{E5A58B9E-6328-4330-BD71-2D9E110DD3EE}.Release|Any CPU.Build.0 = Release|Any CPU
		{E5A58B9E-6328-4330-BD71-2D9E110DD3EE}.Release|x64.ActiveCfg = Release|Any CPU
		{E5A58B9E-6328-4330-BD71-2D9E110DD3EE}.Release|x64.Build.0 = Release|Any CPU
		{E5A58B9E-6328-4330-BD71-2D9E110DD3EE}.Release|x86.ActiveCfg = Release|Any CPU
		{E5A58B9E-6328-4330-BD71-2D9E110DD3EE}.Release|x86.Build.0 = Release|Any CPU
		{F499BF80-9E81-42F0-96E2-AADF0B097A57}.Debug|Any CPU.ActiveCfg = Debug|Any CPU
		{F499BF80-9E81-42F0-96E2-AADF0B097A57}.Debug|Any CPU.Build.0 = Debug|Any CPU
		{F499BF80-9E81-42F0-96E2-AADF0B097A57}.Debug|x64.ActiveCfg = Debug|Any CPU
		{F499BF80-9E81-42F0-96E2-AADF0B097A57}.Debug|x64.Build.0 = Debug|Any CPU
		{F499BF80-9E81-42F0-96E2-AADF0B097A57}.Debug|x86.ActiveCfg = Debug|Any CPU
		{F499BF80-9E81-42F0-96E2-AADF0B097A57}.Debug|x86.Build.0 = Debug|Any CPU
		{F499BF80-9E81-42F0-96E2-AADF0B097A57}.Release|Any CPU.ActiveCfg = Release|Any CPU
		{F499BF80-9E81-42F0-96E2-AADF0B097A57}.Release|Any CPU.Build.0 = Release|Any CPU
		{F499BF80-9E81-42F0-96E2-AADF0B097A57}.Release|x64.ActiveCfg = Release|Any CPU
		{F499BF80-9E81-42F0-96E2-AADF0B097A57}.Release|x64.Build.0 = Release|Any CPU
		{F499BF80-9E81-42F0-96E2-AADF0B097A57}.Release|x86.ActiveCfg = Release|Any CPU
		{F499BF80-9E81-42F0-96E2-AADF0B097A57}.Release|x86.Build.0 = Release|Any CPU
	EndGlobalSection
	GlobalSection(SolutionProperties) = preSolution
		HideSolutionNode = FALSE
	EndGlobalSection
	GlobalSection(NestedProjects) = preSolution
		{F1C9FE90-3F2D-449A-9DEF-0D3CB30095E7} = {827E0CD3-B72D-47B6-A68D-7590B98EB39B}
		{C338CADF-814F-47EC-9B19-21CCCEF2DFF1} = {827E0CD3-B72D-47B6-A68D-7590B98EB39B}
		{F9707DEE-3BF4-409C-AE0D-093DB94D3CD0} = {827E0CD3-B72D-47B6-A68D-7590B98EB39B}
		{514AF2E4-E830-413A-92C3-16553E6F8599} = {827E0CD3-B72D-47B6-A68D-7590B98EB39B}
		{E5A58B9E-6328-4330-BD71-2D9E110DD3EE} = {827E0CD3-B72D-47B6-A68D-7590B98EB39B}
		{F499BF80-9E81-42F0-96E2-AADF0B097A57} = {827E0CD3-B72D-47B6-A68D-7590B98EB39B}
	EndGlobalSection
EndGlobal
